
Microsoft Visual Studio Solution File, Format Version 12.00
# Visual Studio Version 16
VisualStudioVersion = 16.0.31112.23
MinimumVisualStudioVersion = 10.0.40219.1
Project("{9A19103F-16F7-4668-BE54-9A1E7A4F7556}") = "FSM", "Morse\FSM.csproj", "{D27C18DB-1B29-40BA-9C89-DA77D5253EE1}"
EndProject
Global
	GlobalSection(SolutionConfigurationPlatforms) = preSolution
		Debug|Any CPU = Debug|Any CPU
		Release|Any CPU = Release|Any CPU
	EndGlobalSection
	GlobalSection(ProjectConfigurationPlatforms) = postSolution
		{D27C18DB-1B29-40BA-9C89-DA77D5253EE1}.Debug|Any CPU.ActiveCfg = Debug|Any CPU
		{D27C18DB-1B29-40BA-9C89-DA77D5253EE1}.Debug|Any CPU.Build.0 = Debug|Any CPU
		{D27C18DB-1B29-40BA-9C89-DA77D5253EE1}.Release|Any CPU.ActiveCfg = Release|Any CPU
		{D27C18DB-1B29-40BA-9C89-DA77D5253EE1}.Release|Any CPU.Build.0 = Release|Any CPU
	EndGlobalSection
	GlobalSection(SolutionProperties) = preSolution
		HideSolutionNode = FALSE
	EndGlobalSection
	GlobalSection(ExtensibilityGlobals) = postSolution
		SolutionGuid = {4727DBAB-4CF7-4BFC-9883-7F031063AE53}
	EndGlobalSection
EndGlobal
